
Microsoft Visual Studio Solution File, Format Version 12.00
# Visual Studio Version 16
VisualStudioVersion = 16.0.30517.126
MinimumVisualStudioVersion = 10.0.40219.1
Project("{FAE04EC0-301F-11D3-BF4B-00C04F79EFBC}") = "MusicBee.PetitLyrics", "MusicBee.PetitLyrics\MusicBee.PetitLyrics.csproj", "{1E9D038B-E00E-4E38-A277-C8406A999B6A}"
EndProject
Global
	GlobalSection(SolutionConfigurationPlatforms) = preSolution
		Debug|Any CPU = Debug|Any CPU
		Release|Any CPU = Release|Any CPU
	EndGlobalSection
	GlobalSection(ProjectConfigurationPlatforms) = postSolution
		{1E9D038B-E00E-4E38-A277-C8406A999B6A}.Debug|Any CPU.ActiveCfg = Debug|Any CPU
		{1E9D038B-E00E-4E38-A277-C8406A999B6A}.Debug|Any CPU.Build.0 = Debug|Any CPU
		{1E9D038B-E00E-4E38-A277-C8406A999B6A}.Release|Any CPU.ActiveCfg = Release|Any CPU
		{1E9D038B-E00E-4E38-A277-C8406A999B6A}.Release|Any CPU.Build.0 = Release|Any CPU
	EndGlobalSection
	GlobalSection(SolutionProperties) = preSolution
		HideSolutionNode = FALSE
	EndGlobalSection
	GlobalSection(ExtensibilityGlobals) = postSolution
		SolutionGuid = {75C82E54-FF18-485D-9D1E-46D306F6E550}
	EndGlobalSection
EndGlobal
